// !$*UTF8*$!
{
	archiveVersion = 1;
	classes = {
	};
	objectVersion = 46;
	objects = {

/* Begin PBXBuildFile section */
		142D2629195EFBF200ACF4C0 /* Foundation.framework in Frameworks */ = {isa = PBXBuildFile; fileRef = 142D2628195EFBF200ACF4C0 /* Foundation.framework */; };
		142D262B195EFBF200ACF4C0 /* CoreGraphics.framework in Frameworks */ = {isa = PBXBuildFile; fileRef = 142D262A195EFBF200ACF4C0 /* CoreGraphics.framework */; };
		142D262D195EFBF200ACF4C0 /* UIKit.framework in Frameworks */ = {isa = PBXBuildFile; fileRef = 142D262C195EFBF200ACF4C0 /* UIKit.framework */; };
		142D2633195EFBF200ACF4C0 /* InfoPlist.strings in Resources */ = {isa = PBXBuildFile; fileRef = 142D2631195EFBF200ACF4C0 /* InfoPlist.strings */; };
		142D2635195EFBF200ACF4C0 /* main.m in Sources */ = {isa = PBXBuildFile; fileRef = 142D2634195EFBF200ACF4C0 /* main.m */; };
		142D2639195EFBF200ACF4C0 /* AppDelegate.m in Sources */ = {isa = PBXBuildFile; fileRef = 142D2638195EFBF200ACF4C0 /* AppDelegate.m */; };
		142D263C195EFBF200ACF4C0 /* Main.storyboard in Resources */ = {isa = PBXBuildFile; fileRef = 142D263A195EFBF200ACF4C0 /* Main.storyboard */; };
		142D263F195EFBF200ACF4C0 /* ViewController.m in Sources */ = {isa = PBXBuildFile; fileRef = 142D263E195EFBF200ACF4C0 /* ViewController.m */; };
		142D2641195EFBF200ACF4C0 /* Images.xcassets in Resources */ = {isa = PBXBuildFile; fileRef = 142D2640195EFBF200ACF4C0 /* Images.xcassets */; };
		142D2648195EFBF200ACF4C0 /* XCTest.framework in Frameworks */ = {isa = PBXBuildFile; fileRef = 142D2647195EFBF200ACF4C0 /* XCTest.framework */; };
		142D2649195EFBF200ACF4C0 /* Foundation.framework in Frameworks */ = {isa = PBXBuildFile; fileRef = 142D2628195EFBF200ACF4C0 /* Foundation.framework */; };
		142D264A195EFBF200ACF4C0 /* UIKit.framework in Frameworks */ = {isa = PBXBuildFile; fileRef = 142D262C195EFBF200ACF4C0 /* UIKit.framework */; };
		142D2652195EFBF200ACF4C0 /* InfoPlist.strings in Resources */ = {isa = PBXBuildFile; fileRef = 142D2650195EFBF200ACF4C0 /* InfoPlist.strings */; };
		142D2654195EFBF200ACF4C0 /* EChatTests.m in Sources */ = {isa = PBXBuildFile; fileRef = 142D2653195EFBF200ACF4C0 /* EChatTests.m */; };
/* End PBXBuildFile section */

/* Begin PBXContainerItemProxy section */
		142D264B195EFBF200ACF4C0 /* PBXContainerItemProxy */ = {
			isa = PBXContainerItemProxy;
			containerPortal = 142D261D195EFBF200ACF4C0 /* Project object */;
			proxyType = 1;
			remoteGlobalIDString = 142D2624195EFBF200ACF4C0;
			remoteInfo = EChat;
		};
/* End PBXContainerItemProxy section */

/* Begin PBXFileReference section */
		142D2625195EFBF200ACF4C0 /* EChat.app */ = {isa = PBXFileReference; explicitFileType = wrapper.application; includeInIndex = 0; path = EChat.app; sourceTree = BUILT_PRODUCTS_DIR; };
		142D2628195EFBF200ACF4C0 /* Foundation.framework */ = {isa = PBXFileReference; lastKnownFileType = wrapper.framework; name = Foundation.framework; path = System/Library/Frameworks/Foundation.framework; sourceTree = SDKROOT; };
		142D262A195EFBF200ACF4C0 /* CoreGraphics.framework */ = {isa = PBXFileReference; lastKnownFileType = wrapper.framework; name = CoreGraphics.framework; path = System/Library/Frameworks/CoreGraphics.framework; sourceTree = SDKROOT; };
		142D262C195EFBF200ACF4C0 /* UIKit.framework */ = {isa = PBXFileReference; lastKnownFileType = wrapper.framework; name = UIKit.framework; path = System/Library/Frameworks/UIKit.framework; sourceTree = SDKROOT; };
		142D2630195EFBF200ACF4C0 /* EChat-Info.plist */ = {isa = PBXFileReference; lastKnownFileType = text.plist.xml; path = "EChat-Info.plist"; sourceTree = "<group>"; };
		142D2632195EFBF200ACF4C0 /* en */ = {isa = PBXFileReference; lastKnownFileType = text.plist.strings; name = en; path = en.lproj/InfoPlist.strings; sourceTree = "<group>"; };
		142D2634195EFBF200ACF4C0 /* main.m */ = {isa = PBXFileReference; lastKnownFileType = sourcecode.c.objc; path = main.m; sourceTree = "<group>"; };
		142D2636195EFBF200ACF4C0 /* EChat-Prefix.pch */ = {isa = PBXFileReference; lastKnownFileType = sourcecode.c.h; path = "EChat-Prefix.pch"; sourceTree = "<group>"; };
		142D2637195EFBF200ACF4C0 /* AppDelegate.h */ = {isa = PBXFileReference; lastKnownFileType = sourcecode.c.h; path = AppDelegate.h; sourceTree = "<group>"; };
		142D2638195EFBF200ACF4C0 /* AppDelegate.m */ = {isa = PBXFileReference; lastKnownFileType = sourcecode.c.objc; path = AppDelegate.m; sourceTree = "<group>"; };
		142D263B195EFBF200ACF4C0 /* Base */ = {isa = PBXFileReference; lastKnownFileType = file.storyboard; name = Base; path = Base.lproj/Main.storyboard; sourceTree = "<group>"; };
		142D263D195EFBF200ACF4C0 /* ViewController.h */ = {isa = PBXFileReference; lastKnownFileType = sourcecode.c.h; path = ViewController.h; sourceTree = "<group>"; };
		142D263E195EFBF200ACF4C0 /* ViewController.m */ = {isa = PBXFileReference; lastKnownFileType = sourcecode.c.objc; path = ViewController.m; sourceTree = "<group>"; };
		142D2640195EFBF200ACF4C0 /* Images.xcassets */ = {isa = PBXFileReference; lastKnownFileType = folder.assetcatalog; path = Images.xcassets; sourceTree = "<group>"; };
		142D2646195EFBF200ACF4C0 /* EChatTests.xctest */ = {isa = PBXFileReference; explicitFileType = wrapper.cfbundle; includeInIndex = 0; path = EChatTests.xctest; sourceTree = BUILT_PRODUCTS_DIR; };
		142D2647195EFBF200ACF4C0 /* XCTest.framework */ = {isa = PBXFileReference; lastKnownFileType = wrapper.framework; name = XCTest.framework; path = Library/Frameworks/XCTest.framework; sourceTree = DEVELOPER_DIR; };
		142D264F195EFBF200ACF4C0 /* EChatTests-Info.plist */ = {isa = PBXFileReference; lastKnownFileType = text.plist.xml; path = "EChatTests-Info.plist"; sourceTree = "<group>"; };
		142D2651195EFBF200ACF4C0 /* en */ = {isa = PBXFileReference; lastKnownFileType = text.plist.strings; name = en; path = en.lproj/InfoPlist.strings; sourceTree = "<group>"; };
		142D2653195EFBF200ACF4C0 /* EChatTests.m */ = {isa = PBXFileReference; lastKnownFileType = sourcecode.c.objc; path = EChatTests.m; sourceTree = "<group>"; };
/* End PBXFileReference section */

/* Begin PBXFrameworksBuildPhase section */
		142D2622195EFBF200ACF4C0 /* Frameworks */ = {
			isa = PBXFrameworksBuildPhase;
			buildActionMask = 2147483647;
			files = (
				142D262B195EFBF200ACF4C0 /* CoreGraphics.framework in Frameworks */,
				142D262D195EFBF200ACF4C0 /* UIKit.framework in Frameworks */,
				142D2629195EFBF200ACF4C0 /* Foundation.framework in Frameworks */,
			);
			runOnlyForDeploymentPostprocessing = 0;
		};
		142D2643195EFBF200ACF4C0 /* Frameworks */ = {
			isa = PBXFrameworksBuildPhase;
			buildActionMask = 2147483647;
			files = (
				142D2648195EFBF200ACF4C0 /* XCTest.framework in Frameworks */,
				142D264A195EFBF200ACF4C0 /* UIKit.framework in Frameworks */,
				142D2649195EFBF200ACF4C0 /* Foundation.framework in Frameworks */,
			);
			runOnlyForDeploymentPostprocessing = 0;
		};
/* End PBXFrameworksBuildPhase section */

/* Begin PBXGroup section */
		142D261C195EFBF200ACF4C0 = {
			isa = PBXGroup;
			children = (
				142D262E195EFBF200ACF4C0 /* EChat */,
				142D264D195EFBF200ACF4C0 /* EChatTests */,
				142D2627195EFBF200ACF4C0 /* Frameworks */,
				142D2626195EFBF200ACF4C0 /* Products */,
			);
			sourceTree = "<group>";
		};
		142D2626195EFBF200ACF4C0 /* Products */ = {
			isa = PBXGroup;
			children = (
				142D2625195EFBF200ACF4C0 /* EChat.app */,
				142D2646195EFBF200ACF4C0 /* EChatTests.xctest */,
			);
			name = Products;
			sourceTree = "<group>";
		};
		142D2627195EFBF200ACF4C0 /* Frameworks */ = {
			isa = PBXGroup;
			children = (
				142D2628195EFBF200ACF4C0 /* Foundation.framework */,
				142D262A195EFBF200ACF4C0 /* CoreGraphics.framework */,
				142D262C195EFBF200ACF4C0 /* UIKit.framework */,
				142D2647195EFBF200ACF4C0 /* XCTest.framework */,
			);
			name = Frameworks;
			sourceTree = "<group>";
		};
		142D262E195EFBF200ACF4C0 /* EChat */ = {
			isa = PBXGroup;
			children = (
				142D2637195EFBF200ACF4C0 /* AppDelegate.h */,
				142D2638195EFBF200ACF4C0 /* AppDelegate.m */,
				142D263A195EFBF200ACF4C0 /* Main.storyboard */,
				142D263D195EFBF200ACF4C0 /* ViewController.h */,
				142D263E195EFBF200ACF4C0 /* ViewController.m */,
				142D2640195EFBF200ACF4C0 /* Images.xcassets */,
				142D262F195EFBF200ACF4C0 /* Supporting Files */,
			);
			path = EChat;
			sourceTree = "<group>";
		};
		142D262F195EFBF200ACF4C0 /* Supporting Files */ = {
			isa = PBXGroup;
			children = (
				142D2630195EFBF200ACF4C0 /* EChat-Info.plist */,
				142D2631195EFBF200ACF4C0 /* InfoPlist.strings */,
				142D2634195EFBF200ACF4C0 /* main.m */,
				142D2636195EFBF200ACF4C0 /* EChat-Prefix.pch */,
			);
			name = "Supporting Files";
			sourceTree = "<group>";
		};
		142D264D195EFBF200ACF4C0 /* EChatTests */ = {
			isa = PBXGroup;
			children = (
				142D2653195EFBF200ACF4C0 /* EChatTests.m */,
				142D264E195EFBF200ACF4C0 /* Supporting Files */,
			);
			path = EChatTests;
			sourceTree = "<group>";
		};
		142D264E195EFBF200ACF4C0 /* Supporting Files */ = {
			isa = PBXGroup;
			children = (
				142D264F195EFBF200ACF4C0 /* EChatTests-Info.plist */,
				142D2650195EFBF200ACF4C0 /* InfoPlist.strings */,
			);
			name = "Supporting Files";
			sourceTree = "<group>";
		};
/* End PBXGroup section */

/* Begin PBXNativeTarget section */
		142D2624195EFBF200ACF4C0 /* EChat */ = {
			isa = PBXNativeTarget;
			buildConfigurationList = 142D2657195EFBF200ACF4C0 /* Build configuration list for PBXNativeTarget "EChat" */;
			buildPhases = (
				142D2621195EFBF200ACF4C0 /* Sources */,
				142D2622195EFBF200ACF4C0 /* Frameworks */,
				142D2623195EFBF200ACF4C0 /* Resources */,
			);
			buildRules = (
			);
			dependencies = (
			);
			name = EChat;
			productName = EChat;
			productReference = 142D2625195EFBF200ACF4C0 /* EChat.app */;
			productType = "com.apple.product-type.application";
		};
		142D2645195EFBF200ACF4C0 /* EChatTests */ = {
			isa = PBXNativeTarget;
			buildConfigurationList = 142D265A195EFBF200ACF4C0 /* Build configuration list for PBXNativeTarget "EChatTests" */;
			buildPhases = (
				142D2642195EFBF200ACF4C0 /* Sources */,
				142D2643195EFBF200ACF4C0 /* Frameworks */,
				142D2644195EFBF200ACF4C0 /* Resources */,
			);
			buildRules = (
			);
			dependencies = (
				142D264C195EFBF200ACF4C0 /* PBXTargetDependency */,
			);
			name = EChatTests;
			productName = EChatTests;
			productReference = 142D2646195EFBF200ACF4C0 /* EChatTests.xctest */;
			productType = "com.apple.product-type.bundle.unit-test";
		};
/* End PBXNativeTarget section */

/* Begin PBXProject section */
		142D261D195EFBF200ACF4C0 /* Project object */ = {
			isa = PBXProject;
			attributes = {
				LastUpgradeCheck = 0510;
				ORGANIZATIONNAME = Elvis;
				TargetAttributes = {
					142D2645195EFBF200ACF4C0 = {
						TestTargetID = 142D2624195EFBF200ACF4C0;
					};
				};
			};
			buildConfigurationList = 142D2620195EFBF200ACF4C0 /* Build configuration list for PBXProject "EChat" */;
			compatibilityVersion = "Xcode 3.2";
			developmentRegion = English;
			hasScannedForEncodings = 0;
			knownRegions = (
				en,
				Base,
			);
			mainGroup = 142D261C195EFBF200ACF4C0;
			productRefGroup = 142D2626195EFBF200ACF4C0 /* Products */;
			projectDirPath = "";
			projectRoot = "";
			targets = (
				142D2624195EFBF200ACF4C0 /* EChat */,
				142D2645195EFBF200ACF4C0 /* EChatTests */,
			);
		};
/* End PBXProject section */

/* Begin PBXResourcesBuildPhase section */
		142D2623195EFBF200ACF4C0 /* Resources */ = {
			isa = PBXResourcesBuildPhase;
			buildActionMask = 2147483647;
			files = (
				142D2641195EFBF200ACF4C0 /* Images.xcassets in Resources */,
				142D2633195EFBF200ACF4C0 /* InfoPlist.strings in Resources */,
				142D263C195EFBF200ACF4C0 /* Main.storyboard in Resources */,
			);
			runOnlyForDeploymentPostprocessing = 0;
		};
		142D2644195EFBF200ACF4C0 /* Resources */ = {
			isa = PBXResourcesBuildPhase;
			buildActionMask = 2147483647;
			files = (
				142D2652195EFBF200ACF4C0 /* InfoPlist.strings in Resources */,
			);
			runOnlyForDeploymentPostprocessing = 0;
		};
/* End PBXResourcesBuildPhase section */

/* Begin PBXSourcesBuildPhase section */
		142D2621195EFBF200ACF4C0 /* Sources */ = {
			isa = PBXSourcesBuildPhase;
			buildActionMask = 2147483647;
			files = (
				142D263F195EFBF200ACF4C0 /* ViewController.m in Sources */,
				142D2639195EFBF200ACF4C0 /* AppDelegate.m in Sources */,
				142D2635195EFBF200ACF4C0 /* main.m in Sources */,
			);
			runOnlyForDeploymentPostprocessing = 0;
		};
		142D2642195EFBF200ACF4C0 /* Sources */ = {
			isa = PBXSourcesBuildPhase;
			buildActionMask = 2147483647;
			files = (
				142D2654195EFBF200ACF4C0 /* EChatTests.m in Sources */,
			);
			runOnlyForDeploymentPostprocessing = 0;
		};
/* End PBXSourcesBuildPhase section */

/* Begin PBXTargetDependency section */
		142D264C195EFBF200ACF4C0 /* PBXTargetDependency */ = {
			isa = PBXTargetDependency;
			target = 142D2624195EFBF200ACF4C0 /* EChat */;
			targetProxy = 142D264B195EFBF200ACF4C0 /* PBXContainerItemProxy */;
		};
/* End PBXTargetDependency section */

/* Begin PBXVariantGroup section */
		142D2631195EFBF200ACF4C0 /* InfoPlist.strings */ = {
			isa = PBXVariantGroup;
			children = (
				142D2632195EFBF200ACF4C0 /* en */,
			);
			name = InfoPlist.strings;
			sourceTree = "<group>";
		};
		142D263A195EFBF200ACF4C0 /* Main.storyboard */ = {
			isa = PBXVariantGroup;
			children = (
				142D263B195EFBF200ACF4C0 /* Base */,
			);
			name = Main.storyboard;
			sourceTree = "<group>";
		};
		142D2650195EFBF200ACF4C0 /* InfoPlist.strings */ = {
			isa = PBXVariantGroup;
			children = (
				142D2651195EFBF200ACF4C0 /* en */,
			);
			name = InfoPlist.strings;
			sourceTree = "<group>";
		};
/* End PBXVariantGroup section */

/* Begin XCBuildConfiguration section */
		142D2655195EFBF200ACF4C0 /* Debug */ = {
			isa = XCBuildConfiguration;
			buildSettings = {
				ALWAYS_SEARCH_USER_PATHS = NO;
				CLANG_CXX_LANGUAGE_STANDARD = "gnu++0x";
				CLANG_CXX_LIBRARY = "libc++";
				CLANG_ENABLE_MODULES = YES;
				CLANG_ENABLE_OBJC_ARC = YES;
				CLANG_WARN_BOOL_CONVERSION = YES;
				CLANG_WARN_CONSTANT_CONVERSION = YES;
				CLANG_WARN_DIRECT_OBJC_ISA_USAGE = YES_ERROR;
				CLANG_WARN_EMPTY_BODY = YES;
				CLANG_WARN_ENUM_CONVERSION = YES;
				CLANG_WARN_INT_CONVERSION = YES;
				CLANG_WARN_OBJC_ROOT_CLASS = YES_ERROR;
				CLANG_WARN__DUPLICATE_METHOD_MATCH = YES;
				"CODE_SIGN_IDENTITY[sdk=iphoneos*]" = "iPhone Developer";
				COPY_PHASE_STRIP = NO;
				GCC_C_LANGUAGE_STANDARD = gnu99;
				GCC_DYNAMIC_NO_PIC = NO;
				GCC_OPTIMIZATION_LEVEL = 0;
				GCC_PREPROCESSOR_DEFINITIONS = (
					"DEBUG=1",
					"$(inherited)",
				);
				GCC_SYMBOLS_PRIVATE_EXTERN = NO;
				GCC_WARN_64_TO_32_BIT_CONVERSION = YES;
				GCC_WARN_ABOUT_RETURN_TYPE = YES_ERROR;
				GCC_WARN_UNDECLARED_SELECTOR = YES;
				GCC_WARN_UNINITIALIZED_AUTOS = YES_AGGRESSIVE;
				GCC_WARN_UNUSED_FUNCTION = YES;
				GCC_WARN_UNUSED_VARIABLE = YES;
				IPHONEOS_DEPLOYMENT_TARGET = 7.1;
				ONLY_ACTIVE_ARCH = YES;
				SDKROOT = iphoneos;
			};
			name = Debug;
		};
		142D2656195EFBF200ACF4C0 /* Release */ = {
			isa = XCBuildConfiguration;
			buildSettings = {
				ALWAYS_SEARCH_USER_PATHS = NO;
				CLANG_CXX_LANGUAGE_STANDARD = "gnu++0x";
				CLANG_CXX_LIBRARY = "libc++";
				CLANG_ENABLE_MODULES = YES;
				CLANG_ENABLE_OBJC_ARC = YES;
				CLANG_WARN_BOOL_CONVERSION = YES;
				CLANG_WARN_CONSTANT_CONVERSION = YES;
				CLANG_WARN_DIRECT_OBJC_ISA_USAGE = YES_ERROR;
				CLANG_WARN_EMPTY_BODY = YES;
				CLANG_WARN_ENUM_CONVERSION = YES;
				CLANG_WARN_INT_CONVERSION = YES;
				CLANG_WARN_OBJC_ROOT_CLASS = YES_ERROR;
				CLANG_WARN__DUPLICATE_METHOD_MATCH = YES;
				"CODE_SIGN_IDENTITY[sdk=iphoneos*]" = "iPhone Developer";
				COPY_PHASE_STRIP = YES;
				ENABLE_NS_ASSERTIONS = NO;
				GCC_C_LANGUAGE_STANDARD = gnu99;
				GCC_WARN_64_TO_32_BIT_CONVERSION = YES;
				GCC_WARN_ABOUT_RETURN_TYPE = YES_ERROR;
				GCC_WARN_UNDECLARED_SELECTOR = YES;
				GCC_WARN_UNINITIALIZED_AUTOS = YES_AGGRESSIVE;
				GCC_WARN_UNUSED_FUNCTION = YES;
				GCC_WARN_UNUSED_VARIABLE = YES;
				IPHONEOS_DEPLOYMENT_TARGET = 7.1;
				SDKROOT = iphoneos;
				VALIDATE_PRODUCT = YES;
			};
			name = Release;
		};
		142D2658195EFBF200ACF4C0 /* Debug */ = {
			isa = XCBuildConfiguration;
			buildSettings = {
				ASSETCATALOG_COMPILER_APPICON_NAME = AppIcon;
				ASSETCATALOG_COMPILER_LAUNCHIMAGE_NAME = LaunchImage;
				GCC_PRECOMPILE_PREFIX_HEADER = YES;
				GCC_PREFIX_HEADER = "EChat/EChat-Prefix.pch";
				INFOPLIST_FILE = "EChat/EChat-Info.plist";
				PRODUCT_NAME = "$(TARGET_NAME)";
				WRAPPER_EXTENSION = app;
			};
			name = Debug;
		};
		142D2659195EFBF200ACF4C0 /* Release */ = {
			isa = XCBuildConfiguration;
			buildSettings = {
				ASSETCATALOG_COMPILER_APPICON_NAME = AppIcon;
				ASSETCATALOG_COMPILER_LAUNCHIMAGE_NAME = LaunchImage;
				GCC_PRECOMPILE_PREFIX_HEADER = YES;
				GCC_PREFIX_HEADER = "EChat/EChat-Prefix.pch";
				INFOPLIST_FILE = "EChat/EChat-Info.plist";
				PRODUCT_NAME = "$(TARGET_NAME)";
				WRAPPER_EXTENSION = app;
			};
			name = Release;
		};
		142D265B195EFBF200ACF4C0 /* Debug */ = {
			isa = XCBuildConfiguration;
			buildSettings = {
				BUNDLE_LOADER = "$(BUILT_PRODUCTS_DIR)/EChat.app/EChat";
				FRAMEWORK_SEARCH_PATHS = (
					"$(SDKROOT)/Developer/Library/Frameworks",
					"$(inherited)",
					"$(DEVELOPER_FRAMEWORKS_DIR)",
				);
				GCC_PRECOMPILE_PREFIX_HEADER = YES;
				GCC_PREFIX_HEADER = "EChat/EChat-Prefix.pch";
				GCC_PREPROCESSOR_DEFINITIONS = (
					"DEBUG=1",
					"$(inherited)",
				);
				INFOPLIST_FILE = "EChatTests/EChatTests-Info.plist";
				PRODUCT_NAME = "$(TARGET_NAME)";
				TEST_HOST = "$(BUNDLE_LOADER)";
				WRAPPER_EXTENSION = xctest;
			};
			name = Debug;
		};
		142D265C195EFBF200ACF4C0 /* Release */ = {
			isa = XCBuildConfiguration;
			buildSettings = {
				BUNDLE_LOADER = "$(BUILT_PRODUCTS_DIR)/EChat.app/EChat";
				FRAMEWORK_SEARCH_PATHS = (
					"$(SDKROOT)/Developer/Library/Frameworks",
					"$(inherited)",
					"$(DEVELOPER_FRAMEWORKS_DIR)",
				);
				GCC_PRECOMPILE_PREFIX_HEADER = YES;
				GCC_PREFIX_HEADER = "EChat/EChat-Prefix.pch";
				INFOPLIST_FILE = "EChatTests/EChatTests-Info.plist";
				PRODUCT_NAME = "$(TARGET_NAME)";
				TEST_HOST = "$(BUNDLE_LOADER)";
				WRAPPER_EXTENSION = xctest;
			};
			name = Release;
		};
/* End XCBuildConfiguration section */

/* Begin XCConfigurationList section */
		142D2620195EFBF200ACF4C0 /* Build configuration list for PBXProject "EChat" */ = {
			isa = XCConfigurationList;
			buildConfigurations = (
				142D2655195EFBF200ACF4C0 /* Debug */,
				142D2656195EFBF200ACF4C0 /* Release */,
			);
			defaultConfigurationIsVisible = 0;
			defaultConfigurationName = Release;
		};
		142D2657195EFBF200ACF4C0 /* Build configuration list for PBXNativeTarget "EChat" */ = {
			isa = XCConfigurationList;
			buildConfigurations = (
				142D2658195EFBF200ACF4C0 /* Debug */,
				142D2659195EFBF200ACF4C0 /* Release */,
			);
			defaultConfigurationIsVisible = 0;
		};
		142D265A195EFBF200ACF4C0 /* Build configuration list for PBXNativeTarget "EChatTests" */ = {
			isa = XCConfigurationList;
			buildConfigurations = (
				142D265B195EFBF200ACF4C0 /* Debug */,
				142D265C195EFBF200ACF4C0 /* Release */,
			);
			defaultConfigurationIsVisible = 0;
		};
/* End XCConfigurationList section */
	};
	rootObject = 142D261D195EFBF200ACF4C0 /* Project object */;
}
